// !$*UTF8*$!
{
	archiveVersion = 1;
	classes = {
	};
	objectVersion = 50;
	objects = {

/* Begin PBXBuildFile section */
		C924B7BA25A55688005379F2 /* AppDelegate.swift in Sources */ = {isa = PBXBuildFile; fileRef = C924B7B925A55688005379F2 /* AppDelegate.swift */; };
		C924B7BC25A55688005379F2 /* SceneDelegate.swift in Sources */ = {isa = PBXBuildFile; fileRef = C924B7BB25A55688005379F2 /* SceneDelegate.swift */; };
		C924B7C325A55689005379F2 /* Assets.xcassets in Resources */ = {isa = PBXBuildFile; fileRef = C924B7C225A55689005379F2 /* Assets.xcassets */; };
		C924B7C625A55689005379F2 /* LaunchScreen.storyboard in Resources */ = {isa = PBXBuildFile; fileRef = C924B7C425A55689005379F2 /* LaunchScreen.storyboard */; };
		C924B7D125A55689005379F2 /* WorkHoursTrackerTests.swift in Sources */ = {isa = PBXBuildFile; fileRef = C924B7D025A55689005379F2 /* WorkHoursTrackerTests.swift */; };
		C924B7DC25A55689005379F2 /* WorkHoursTrackerUITests.swift in Sources */ = {isa = PBXBuildFile; fileRef = C924B7DB25A55689005379F2 /* WorkHoursTrackerUITests.swift */; };
		C924B84E25A97B2E005379F2 /* PageViewController.swift in Sources */ = {isa = PBXBuildFile; fileRef = C924B84D25A97B2E005379F2 /* PageViewController.swift */; };
		C924B85925A986D3005379F2 /* FirstInstructionViewController.swift in Sources */ = {isa = PBXBuildFile; fileRef = C924B85825A986D3005379F2 /* FirstInstructionViewController.swift */; };
		C924B85E25A988CE005379F2 /* SecondInstructionViewController.swift in Sources */ = {isa = PBXBuildFile; fileRef = C924B85D25A988CE005379F2 /* SecondInstructionViewController.swift */; };
		C924B8A525AD2F55005379F2 /* ResultsTableViewController.swift in Sources */ = {isa = PBXBuildFile; fileRef = C924B8A425AD2F55005379F2 /* ResultsTableViewController.swift */; };
		C9793FC025B2048300A824FE /* SearchViewController.swift in Sources */ = {isa = PBXBuildFile; fileRef = C9793FBF25B2048300A824FE /* SearchViewController.swift */; };
		C9793FC825BB9B6200A824FE /* ResultsTableViewCell.swift in Sources */ = {isa = PBXBuildFile; fileRef = C9793FC725BB9B6200A824FE /* ResultsTableViewCell.swift */; };
/* End PBXBuildFile section */

/* Begin PBXContainerItemProxy section */
		C924B7CD25A55689005379F2 /* PBXContainerItemProxy */ = {
			isa = PBXContainerItemProxy;
			containerPortal = C924B7AE25A55688005379F2 /* Project object */;
			proxyType = 1;
			remoteGlobalIDString = C924B7B525A55688005379F2;
			remoteInfo = WorkHoursTracker;
		};
		C924B7D825A55689005379F2 /* PBXContainerItemProxy */ = {
			isa = PBXContainerItemProxy;
			containerPortal = C924B7AE25A55688005379F2 /* Project object */;
			proxyType = 1;
			remoteGlobalIDString = C924B7B525A55688005379F2;
			remoteInfo = WorkHoursTracker;
		};
/* End PBXContainerItemProxy section */

/* Begin PBXFileReference section */
		C924B7B625A55688005379F2 /* WorkHoursTracker.app */ = {isa = PBXFileReference; explicitFileType = wrapper.application; includeInIndex = 0; path = WorkHoursTracker.app; sourceTree = BUILT_PRODUCTS_DIR; };
		C924B7B925A55688005379F2 /* AppDelegate.swift */ = {isa = PBXFileReference; lastKnownFileType = sourcecode.swift; path = AppDelegate.swift; sourceTree = "<group>"; };
		C924B7BB25A55688005379F2 /* SceneDelegate.swift */ = {isa = PBXFileReference; lastKnownFileType = sourcecode.swift; path = SceneDelegate.swift; sourceTree = "<group>"; };
		C924B7C225A55689005379F2 /* Assets.xcassets */ = {isa = PBXFileReference; lastKnownFileType = folder.assetcatalog; path = Assets.xcassets; sourceTree = "<group>"; };
		C924B7C525A55689005379F2 /* Base */ = {isa = PBXFileReference; lastKnownFileType = file.storyboard; name = Base; path = Base.lproj/LaunchScreen.storyboard; sourceTree = "<group>"; };
		C924B7C725A55689005379F2 /* Info.plist */ = {isa = PBXFileReference; lastKnownFileType = text.plist.xml; path = Info.plist; sourceTree = "<group>"; };
		C924B7CC25A55689005379F2 /* WorkHoursTrackerTests.xctest */ = {isa = PBXFileReference; explicitFileType = wrapper.cfbundle; includeInIndex = 0; path = WorkHoursTrackerTests.xctest; sourceTree = BUILT_PRODUCTS_DIR; };
		C924B7D025A55689005379F2 /* WorkHoursTrackerTests.swift */ = {isa = PBXFileReference; lastKnownFileType = sourcecode.swift; path = WorkHoursTrackerTests.swift; sourceTree = "<group>"; };
		C924B7D225A55689005379F2 /* Info.plist */ = {isa = PBXFileReference; lastKnownFileType = text.plist.xml; path = Info.plist; sourceTree = "<group>"; };
		C924B7D725A55689005379F2 /* WorkHoursTrackerUITests.xctest */ = {isa = PBXFileReference; explicitFileType = wrapper.cfbundle; includeInIndex = 0; path = WorkHoursTrackerUITests.xctest; sourceTree = BUILT_PRODUCTS_DIR; };
		C924B7DB25A55689005379F2 /* WorkHoursTrackerUITests.swift */ = {isa = PBXFileReference; lastKnownFileType = sourcecode.swift; path = WorkHoursTrackerUITests.swift; sourceTree = "<group>"; };
		C924B7DD25A55689005379F2 /* Info.plist */ = {isa = PBXFileReference; lastKnownFileType = text.plist.xml; path = Info.plist; sourceTree = "<group>"; };
		C924B84D25A97B2E005379F2 /* PageViewController.swift */ = {isa = PBXFileReference; lastKnownFileType = sourcecode.swift; path = PageViewController.swift; sourceTree = "<group>"; };
		C924B85825A986D3005379F2 /* FirstInstructionViewController.swift */ = {isa = PBXFileReference; lastKnownFileType = sourcecode.swift; path = FirstInstructionViewController.swift; sourceTree = "<group>"; };
		C924B85D25A988CE005379F2 /* SecondInstructionViewController.swift */ = {isa = PBXFileReference; lastKnownFileType = sourcecode.swift; path = SecondInstructionViewController.swift; sourceTree = "<group>"; };
		C924B8A425AD2F55005379F2 /* ResultsTableViewController.swift */ = {isa = PBXFileReference; lastKnownFileType = sourcecode.swift; path = ResultsTableViewController.swift; sourceTree = "<group>"; };
		C9793FBF25B2048300A824FE /* SearchViewController.swift */ = {isa = PBXFileReference; lastKnownFileType = sourcecode.swift; path = SearchViewController.swift; sourceTree = "<group>"; };
		C9793FC725BB9B6200A824FE /* ResultsTableViewCell.swift */ = {isa = PBXFileReference; lastKnownFileType = sourcecode.swift; path = ResultsTableViewCell.swift; sourceTree = "<group>"; };
/* End PBXFileReference section */

/* Begin PBXFrameworksBuildPhase section */
		C924B7B325A55688005379F2 /* Frameworks */ = {
			isa = PBXFrameworksBuildPhase;
			buildActionMask = 2147483647;
			files = (
			);
			runOnlyForDeploymentPostprocessing = 0;
		};
		C924B7C925A55689005379F2 /* Frameworks */ = {
			isa = PBXFrameworksBuildPhase;
			buildActionMask = 2147483647;
			files = (
			);
			runOnlyForDeploymentPostprocessing = 0;
		};
		C924B7D425A55689005379F2 /* Frameworks */ = {
			isa = PBXFrameworksBuildPhase;
			buildActionMask = 2147483647;
			files = (
			);
			runOnlyForDeploymentPostprocessing = 0;
		};
/* End PBXFrameworksBuildPhase section */

/* Begin PBXGroup section */
		C924B7AD25A55688005379F2 = {
			isa = PBXGroup;
			children = (
				C924B7B825A55688005379F2 /* WorkHoursTracker */,
				C924B7CF25A55689005379F2 /* WorkHoursTrackerTests */,
				C924B7DA25A55689005379F2 /* WorkHoursTrackerUITests */,
				C924B7B725A55688005379F2 /* Products */,
			);
			sourceTree = "<group>";
		};
		C924B7B725A55688005379F2 /* Products */ = {
			isa = PBXGroup;
			children = (
				C924B7B625A55688005379F2 /* WorkHoursTracker.app */,
				C924B7CC25A55689005379F2 /* WorkHoursTrackerTests.xctest */,
				C924B7D725A55689005379F2 /* WorkHoursTrackerUITests.xctest */,
			);
			name = Products;
			sourceTree = "<group>";
		};
		C924B7B825A55688005379F2 /* WorkHoursTracker */ = {
			isa = PBXGroup;
			children = (
				C924B7B925A55688005379F2 /* AppDelegate.swift */,
				C924B7BB25A55688005379F2 /* SceneDelegate.swift */,
				C924B84D25A97B2E005379F2 /* PageViewController.swift */,
				C924B85825A986D3005379F2 /* FirstInstructionViewController.swift */,
				C924B85D25A988CE005379F2 /* SecondInstructionViewController.swift */,
				C9793FBF25B2048300A824FE /* SearchViewController.swift */,
				C924B8A425AD2F55005379F2 /* ResultsTableViewController.swift */,
				C9793FC725BB9B6200A824FE /* ResultsTableViewCell.swift */,
				C924B7C225A55689005379F2 /* Assets.xcassets */,
				C924B7C425A55689005379F2 /* LaunchScreen.storyboard */,
				C924B7C725A55689005379F2 /* Info.plist */,
			);
			path = WorkHoursTracker;
			sourceTree = "<group>";
		};
		C924B7CF25A55689005379F2 /* WorkHoursTrackerTests */ = {
			isa = PBXGroup;
			children = (
				C924B7D025A55689005379F2 /* WorkHoursTrackerTests.swift */,
				C924B7D225A55689005379F2 /* Info.plist */,
			);
			path = WorkHoursTrackerTests;
			sourceTree = "<group>";
		};
		C924B7DA25A55689005379F2 /* WorkHoursTrackerUITests */ = {
			isa = PBXGroup;
			children = (
				C924B7DB25A55689005379F2 /* WorkHoursTrackerUITests.swift */,
				C924B7DD25A55689005379F2 /* Info.plist */,
			);
			path = WorkHoursTrackerUITests;
			sourceTree = "<group>";
		};
/* End PBXGroup section */

/* Begin PBXNativeTarget section */
		C924B7B525A55688005379F2 /* WorkHoursTracker */ = {
			isa = PBXNativeTarget;
			buildConfigurationList = C924B7E025A55689005379F2 /* Build configuration list for PBXNativeTarget "WorkHoursTracker" */;
			buildPhases = (
				C924B7B225A55688005379F2 /* Sources */,
				C924B7B325A55688005379F2 /* Frameworks */,
				C924B7B425A55688005379F2 /* Resources */,
			);
			buildRules = (
			);
			dependencies = (
			);
			name = WorkHoursTracker;
			productName = WorkHoursTracker;
			productReference = C924B7B625A55688005379F2 /* WorkHoursTracker.app */;
			productType = "com.apple.product-type.application";
		};
		C924B7CB25A55689005379F2 /* WorkHoursTrackerTests */ = {
			isa = PBXNativeTarget;
			buildConfigurationList = C924B7E325A55689005379F2 /* Build configuration list for PBXNativeTarget "WorkHoursTrackerTests" */;
			buildPhases = (
				C924B7C825A55689005379F2 /* Sources */,
				C924B7C925A55689005379F2 /* Frameworks */,
				C924B7CA25A55689005379F2 /* Resources */,
			);
			buildRules = (
			);
			dependencies = (
				C924B7CE25A55689005379F2 /* PBXTargetDependency */,
			);
			name = WorkHoursTrackerTests;
			productName = WorkHoursTrackerTests;
			productReference = C924B7CC25A55689005379F2 /* WorkHoursTrackerTests.xctest */;
			productType = "com.apple.product-type.bundle.unit-test";
		};
		C924B7D625A55689005379F2 /* WorkHoursTrackerUITests */ = {
			isa = PBXNativeTarget;
			buildConfigurationList = C924B7E625A55689005379F2 /* Build configuration list for PBXNativeTarget "WorkHoursTrackerUITests" */;
			buildPhases = (
				C924B7D325A55689005379F2 /* Sources */,
				C924B7D425A55689005379F2 /* Frameworks */,
				C924B7D525A55689005379F2 /* Resources */,
			);
			buildRules = (
			);
			dependencies = (
				C924B7D925A55689005379F2 /* PBXTargetDependency */,
			);
			name = WorkHoursTrackerUITests;
			productName = WorkHoursTrackerUITests;
			productReference = C924B7D725A55689005379F2 /* WorkHoursTrackerUITests.xctest */;
			productType = "com.apple.product-type.bundle.ui-testing";
		};
/* End PBXNativeTarget section */

/* Begin PBXProject section */
		C924B7AE25A55688005379F2 /* Project object */ = {
			isa = PBXProject;
			attributes = {
				LastSwiftUpdateCheck = 1220;
				LastUpgradeCheck = 1220;
				TargetAttributes = {
					C924B7B525A55688005379F2 = {
						CreatedOnToolsVersion = 12.2;
					};
					C924B7CB25A55689005379F2 = {
						CreatedOnToolsVersion = 12.2;
						TestTargetID = C924B7B525A55688005379F2;
					};
					C924B7D625A55689005379F2 = {
						CreatedOnToolsVersion = 12.2;
						TestTargetID = C924B7B525A55688005379F2;
					};
				};
			};
			buildConfigurationList = C924B7B125A55688005379F2 /* Build configuration list for PBXProject "WorkHoursTracker" */;
			compatibilityVersion = "Xcode 9.3";
			developmentRegion = en;
			hasScannedForEncodings = 0;
			knownRegions = (
				en,
				Base,
			);
			mainGroup = C924B7AD25A55688005379F2;
			productRefGroup = C924B7B725A55688005379F2 /* Products */;
			projectDirPath = "";
			projectRoot = "";
			targets = (
				C924B7B525A55688005379F2 /* WorkHoursTracker */,
				C924B7CB25A55689005379F2 /* WorkHoursTrackerTests */,
				C924B7D625A55689005379F2 /* WorkHoursTrackerUITests */,
			);
		};
/* End PBXProject section */

/* Begin PBXResourcesBuildPhase section */
		C924B7B425A55688005379F2 /* Resources */ = {
			isa = PBXResourcesBuildPhase;
			buildActionMask = 2147483647;
			files = (
				C924B7C625A55689005379F2 /* LaunchScreen.storyboard in Resources */,
				C924B7C325A55689005379F2 /* Assets.xcassets in Resources */,
			);
			runOnlyForDeploymentPostprocessing = 0;
		};
		C924B7CA25A55689005379F2 /* Resources */ = {
			isa = PBXResourcesBuildPhase;
			buildActionMask = 2147483647;
			files = (
			);
			runOnlyForDeploymentPostprocessing = 0;
		};
		C924B7D525A55689005379F2 /* Resources */ = {
			isa = PBXResourcesBuildPhase;
			buildActionMask = 2147483647;
			files = (
			);
			runOnlyForDeploymentPostprocessing = 0;
		};
/* End PBXResourcesBuildPhase section */

/* Begin PBXSourcesBuildPhase section */
		C924B7B225A55688005379F2 /* Sources */ = {
			isa = PBXSourcesBuildPhase;
			buildActionMask = 2147483647;
			files = (
				C9793FC025B2048300A824FE /* SearchViewController.swift in Sources */,
				C924B84E25A97B2E005379F2 /* PageViewController.swift in Sources */,
				C924B85925A986D3005379F2 /* FirstInstructionViewController.swift in Sources */,
				C924B8A525AD2F55005379F2 /* ResultsTableViewController.swift in Sources */,
				C9793FC825BB9B6200A824FE /* ResultsTableViewCell.swift in Sources */,
				C924B7BA25A55688005379F2 /* AppDelegate.swift in Sources */,
				C924B7BC25A55688005379F2 /* SceneDelegate.swift in Sources */,
				C924B85E25A988CE005379F2 /* SecondInstructionViewController.swift in Sources */,
			);
			runOnlyForDeploymentPostprocessing = 0;
		};
		C924B7C825A55689005379F2 /* Sources */ = {
			isa = PBXSourcesBuildPhase;
			buildActionMask = 2147483647;
			files = (
				C924B7D125A55689005379F2 /* WorkHoursTrackerTests.swift in Sources */,
			);
			runOnlyForDeploymentPostprocessing = 0;
		};
		C924B7D325A55689005379F2 /* Sources */ = {
			isa = PBXSourcesBuildPhase;
			buildActionMask = 2147483647;
			files = (
				C924B7DC25A55689005379F2 /* WorkHoursTrackerUITests.swift in Sources */,
			);
			runOnlyForDeploymentPostprocessing = 0;
		};
/* End PBXSourcesBuildPhase section */

/* Begin PBXTargetDependency section */
		C924B7CE25A55689005379F2 /* PBXTargetDependency */ = {
			isa = PBXTargetDependency;
			target = C924B7B525A55688005379F2 /* WorkHoursTracker */;
			targetProxy = C924B7CD25A55689005379F2 /* PBXContainerItemProxy */;
		};
		C924B7D925A55689005379F2 /* PBXTargetDependency */ = {
			isa = PBXTargetDependency;
			target = C924B7B525A55688005379F2 /* WorkHoursTracker */;
			targetProxy = C924B7D825A55689005379F2 /* PBXContainerItemProxy */;
		};
/* End PBXTargetDependency section */

/* Begin PBXVariantGroup section */
		C924B7C425A55689005379F2 /* LaunchScreen.storyboard */ = {
			isa = PBXVariantGroup;
			children = (
				C924B7C525A55689005379F2 /* Base */,
			);
			name = LaunchScreen.storyboard;
			sourceTree = "<group>";
		};
/* End PBXVariantGroup section */

/* Begin XCBuildConfiguration section */
		C924B7DE25A55689005379F2 /* Debug */ = {
			isa = XCBuildConfiguration;
			buildSettings = {
				ALWAYS_SEARCH_USER_PATHS = NO;
				CLANG_ANALYZER_NONNULL = YES;
				CLANG_ANALYZER_NUMBER_OBJECT_CONVERSION = YES_AGGRESSIVE;
				CLANG_CXX_LANGUAGE_STANDARD = "gnu++14";
				CLANG_CXX_LIBRARY = "libc++";
				CLANG_ENABLE_MODULES = YES;
				CLANG_ENABLE_OBJC_ARC = YES;
				CLANG_ENABLE_OBJC_WEAK = YES;
				CLANG_WARN_BLOCK_CAPTURE_AUTORELEASING = YES;
				CLANG_WARN_BOOL_CONVERSION = YES;
				CLANG_WARN_COMMA = YES;
				CLANG_WARN_CONSTANT_CONVERSION = YES;
				CLANG_WARN_DEPRECATED_OBJC_IMPLEMENTATIONS = YES;
				CLANG_WARN_DIRECT_OBJC_ISA_USAGE = YES_ERROR;
				CLANG_WARN_DOCUMENTATION_COMMENTS = YES;
				CLANG_WARN_EMPTY_BODY = YES;
				CLANG_WARN_ENUM_CONVERSION = YES;
				CLANG_WARN_INFINITE_RECURSION = YES;
				CLANG_WARN_INT_CONVERSION = YES;
				CLANG_WARN_NON_LITERAL_NULL_CONVERSION = YES;
				CLANG_WARN_OBJC_IMPLICIT_RETAIN_SELF = YES;
				CLANG_WARN_OBJC_LITERAL_CONVERSION = YES;
				CLANG_WARN_OBJC_ROOT_CLASS = YES_ERROR;
				CLANG_WARN_QUOTED_INCLUDE_IN_FRAMEWORK_HEADER = YES;
				CLANG_WARN_RANGE_LOOP_ANALYSIS = YES;
				CLANG_WARN_STRICT_PROTOTYPES = YES;
				CLANG_WARN_SUSPICIOUS_MOVE = YES;
				CLANG_WARN_UNGUARDED_AVAILABILITY = YES_AGGRESSIVE;
				CLANG_WARN_UNREACHABLE_CODE = YES;
				CLANG_WARN__DUPLICATE_METHOD_MATCH = YES;
				COPY_PHASE_STRIP = NO;
				DEBUG_INFORMATION_FORMAT = dwarf;
				ENABLE_STRICT_OBJC_MSGSEND = YES;
				ENABLE_TESTABILITY = YES;
				GCC_C_LANGUAGE_STANDARD = gnu11;
				GCC_DYNAMIC_NO_PIC = NO;
				GCC_NO_COMMON_BLOCKS = YES;
				GCC_OPTIMIZATION_LEVEL = 0;
				GCC_PREPROCESSOR_DEFINITIONS = (
					"DEBUG=1",
					"$(inherited)",
				);
				GCC_WARN_64_TO_32_BIT_CONVERSION = YES;
				GCC_WARN_ABOUT_RETURN_TYPE = YES_ERROR;
				GCC_WARN_UNDECLARED_SELECTOR = YES;
				GCC_WARN_UNINITIALIZED_AUTOS = YES_AGGRESSIVE;
				GCC_WARN_UNUSED_FUNCTION = YES;
				GCC_WARN_UNUSED_VARIABLE = YES;
				IPHONEOS_DEPLOYMENT_TARGET = 14.2;
				MTL_ENABLE_DEBUG_INFO = INCLUDE_SOURCE;
				MTL_FAST_MATH = YES;
				ONLY_ACTIVE_ARCH = YES;
				SDKROOT = iphoneos;
				SWIFT_ACTIVE_COMPILATION_CONDITIONS = DEBUG;
				SWIFT_OPTIMIZATION_LEVEL = "-Onone";
			};
			name = Debug;
		};
		C924B7DF25A55689005379F2 /* Release */ = {
			isa = XCBuildConfiguration;
			buildSettings = {
				ALWAYS_SEARCH_USER_PATHS = NO;
				CLANG_ANALYZER_NONNULL = YES;
				CLANG_ANALYZER_NUMBER_OBJECT_CONVERSION = YES_AGGRESSIVE;
				CLANG_CXX_LANGUAGE_STANDARD = "gnu++14";
				CLANG_CXX_LIBRARY = "libc++";
				CLANG_ENABLE_MODULES = YES;
				CLANG_ENABLE_OBJC_ARC = YES;
				CLANG_ENABLE_OBJC_WEAK = YES;
				CLANG_WARN_BLOCK_CAPTURE_AUTORELEASING = YES;
				CLANG_WARN_BOOL_CONVERSION = YES;
				CLANG_WARN_COMMA = YES;
				CLANG_WARN_CONSTANT_CONVERSION = YES;
				CLANG_WARN_DEPRECATED_OBJC_IMPLEMENTATIONS = YES;
				CLANG_WARN_DIRECT_OBJC_ISA_USAGE = YES_ERROR;
				CLANG_WARN_DOCUMENTATION_COMMENTS = YES;
				CLANG_WARN_EMPTY_BODY = YES;
				CLANG_WARN_ENUM_CONVERSION = YES;
				CLANG_WARN_INFINITE_RECURSION = YES;
				CLANG_WARN_INT_CONVERSION = YES;
				CLANG_WARN_NON_LITERAL_NULL_CONVERSION = YES;
				CLANG_WARN_OBJC_IMPLICIT_RETAIN_SELF = YES;
				CLANG_WARN_OBJC_LITERAL_CONVERSION = YES;
				CLANG_WARN_OBJC_ROOT_CLASS = YES_ERROR;
				CLANG_WARN_QUOTED_INCLUDE_IN_FRAMEWORK_HEADER = YES;
				CLANG_WARN_RANGE_LOOP_ANALYSIS = YES;
				CLANG_WARN_STRICT_PROTOTYPES = YES;
				CLANG_WARN_SUSPICIOUS_MOVE = YES;
				CLANG_WARN_UNGUARDED_AVAILABILITY = YES_AGGRESSIVE;
				CLANG_WARN_UNREACHABLE_CODE = YES;
				CLANG_WARN__DUPLICATE_METHOD_MATCH = YES;
				COPY_PHASE_STRIP = NO;
				DEBUG_INFORMATION_FORMAT = "dwarf-with-dsym";
				ENABLE_NS_ASSERTIONS = NO;
				ENABLE_STRICT_OBJC_MSGSEND = YES;
				GCC_C_LANGUAGE_STANDARD = gnu11;
				GCC_NO_COMMON_BLOCKS = YES;
				GCC_WARN_64_TO_32_BIT_CONVERSION = YES;
				GCC_WARN_ABOUT_RETURN_TYPE = YES_ERROR;
				GCC_WARN_UNDECLARED_SELECTOR = YES;
				GCC_WARN_UNINITIALIZED_AUTOS = YES_AGGRESSIVE;
				GCC_WARN_UNUSED_FUNCTION = YES;
				GCC_WARN_UNUSED_VARIABLE = YES;
				IPHONEOS_DEPLOYMENT_TARGET = 14.2;
				MTL_ENABLE_DEBUG_INFO = NO;
				MTL_FAST_MATH = YES;
				SDKROOT = iphoneos;
				SWIFT_COMPILATION_MODE = wholemodule;
				SWIFT_OPTIMIZATION_LEVEL = "-O";
				VALIDATE_PRODUCT = YES;
			};
			name = Release;
		};
		C924B7E125A55689005379F2 /* Debug */ = {
			isa = XCBuildConfiguration;
			buildSettings = {
				ASSETCATALOG_COMPILER_APPICON_NAME = AppIcon;
				ASSETCATALOG_COMPILER_GLOBAL_ACCENT_COLOR_NAME = AccentColor;
				CODE_SIGN_STYLE = Automatic;
				INFOPLIST_FILE = WorkHoursTracker/Info.plist;
				LD_RUNPATH_SEARCH_PATHS = (
					"$(inherited)",
					"@executable_path/Frameworks",
				);
				PRODUCT_BUNDLE_IDENTIFIER = com.example.WorkHoursTracker;
				PRODUCT_NAME = "$(TARGET_NAME)";
				SWIFT_VERSION = 5.0;
				TARGETED_DEVICE_FAMILY = "1,2";
			};
			name = Debug;
		};
		C924B7E225A55689005379F2 /* Release */ = {
			isa = XCBuildConfiguration;
			buildSettings = {
				ASSETCATALOG_COMPILER_APPICON_NAME = AppIcon;
				ASSETCATALOG_COMPILER_GLOBAL_ACCENT_COLOR_NAME = AccentColor;
				CODE_SIGN_STYLE = Automatic;
				INFOPLIST_FILE = WorkHoursTracker/Info.plist;
				LD_RUNPATH_SEARCH_PATHS = (
					"$(inherited)",
					"@executable_path/Frameworks",
				);
				PRODUCT_BUNDLE_IDENTIFIER = com.example.WorkHoursTracker;
				PRODUCT_NAME = "$(TARGET_NAME)";
				SWIFT_VERSION = 5.0;
				TARGETED_DEVICE_FAMILY = "1,2";
			};
			name = Release;
		};
		C924B7E425A55689005379F2 /* Debug */ = {
			isa = XCBuildConfiguration;
			buildSettings = {
				ALWAYS_EMBED_SWIFT_STANDARD_LIBRARIES = YES;
				BUNDLE_LOADER = "$(TEST_HOST)";
				CODE_SIGN_STYLE = Automatic;
				INFOPLIST_FILE = WorkHoursTrackerTests/Info.plist;
				IPHONEOS_DEPLOYMENT_TARGET = 14.2;
				LD_RUNPATH_SEARCH_PATHS = (
					"$(inherited)",
					"@executable_path/Frameworks",
					"@loader_path/Frameworks",
				);
				PRODUCT_BUNDLE_IDENTIFIER = com.example.WorkHoursTrackerTests;
				PRODUCT_NAME = "$(TARGET_NAME)";
				SWIFT_VERSION = 5.0;
				TARGETED_DEVICE_FAMILY = "1,2";
				TEST_HOST = "$(BUILT_PRODUCTS_DIR)/WorkHoursTracker.app/WorkHoursTracker";
			};
			name = Debug;
		};
		C924B7E525A55689005379F2 /* Release */ = {
			isa = XCBuildConfiguration;
			buildSettings = {
				ALWAYS_EMBED_SWIFT_STANDARD_LIBRARIES = YES;
				BUNDLE_LOADER = "$(TEST_HOST)";
				CODE_SIGN_STYLE = Automatic;
				INFOPLIST_FILE = WorkHoursTrackerTests/Info.plist;
				IPHONEOS_DEPLOYMENT_TARGET = 14.2;
				LD_RUNPATH_SEARCH_PATHS = (
					"$(inherited)",
					"@executable_path/Frameworks",
					"@loader_path/Frameworks",
				);
				PRODUCT_BUNDLE_IDENTIFIER = com.example.WorkHoursTrackerTests;
				PRODUCT_NAME = "$(TARGET_NAME)";
				SWIFT_VERSION = 5.0;
				TARGETED_DEVICE_FAMILY = "1,2";
				TEST_HOST = "$(BUILT_PRODUCTS_DIR)/WorkHoursTracker.app/WorkHoursTracker";
			};
			name = Release;
		};
		C924B7E725A55689005379F2 /* Debug */ = {
			isa = XCBuildConfiguration;
			buildSettings = {
				ALWAYS_EMBED_SWIFT_STANDARD_LIBRARIES = YES;
				CODE_SIGN_STYLE = Automatic;
				INFOPLIST_FILE = WorkHoursTrackerUITests/Info.plist;
				LD_RUNPATH_SEARCH_PATHS = (
					"$(inherited)",
					"@executable_path/Frameworks",
					"@loader_path/Frameworks",
				);
				PRODUCT_BUNDLE_IDENTIFIER = com.example.WorkHoursTrackerUITests;
				PRODUCT_NAME = "$(TARGET_NAME)";
				SWIFT_VERSION = 5.0;
				TARGETED_DEVICE_FAMILY = "1,2";
				TEST_TARGET_NAME = WorkHoursTracker;
			};
			name = Debug;
		};
		C924B7E825A55689005379F2 /* Release */ = {
			isa = XCBuildConfiguration;
			buildSettings = {
				ALWAYS_EMBED_SWIFT_STANDARD_LIBRARIES = YES;
				CODE_SIGN_STYLE = Automatic;
				INFOPLIST_FILE = WorkHoursTrackerUITests/Info.plist;
				LD_RUNPATH_SEARCH_PATHS = (
					"$(inherited)",
					"@executable_path/Frameworks",
					"@loader_path/Frameworks",
				);
				PRODUCT_BUNDLE_IDENTIFIER = com.example.WorkHoursTrackerUITests;
				PRODUCT_NAME = "$(TARGET_NAME)";
				SWIFT_VERSION = 5.0;
				TARGETED_DEVICE_FAMILY = "1,2";
				TEST_TARGET_NAME = WorkHoursTracker;
			};
			name = Release;
		};
/* End XCBuildConfiguration section */

/* Begin XCConfigurationList section */
		C924B7B125A55688005379F2 /* Build configuration list for PBXProject "WorkHoursTracker" */ = {
			isa = XCConfigurationList;
			buildConfigurations = (
				C924B7DE25A55689005379F2 /* Debug */,
				C924B7DF25A55689005379F2 /* Release */,
			);
			defaultConfigurationIsVisible = 0;
			defaultConfigurationName = Release;
		};
		C924B7E025A55689005379F2 /* Build configuration list for PBXNativeTarget "WorkHoursTracker" */ = {
			isa = XCConfigurationList;
			buildConfigurations = (
				C924B7E125A55689005379F2 /* Debug */,
				C924B7E225A55689005379F2 /* Release */,
			);
			defaultConfigurationIsVisible = 0;
			defaultConfigurationName = Release;
		};
		C924B7E325A55689005379F2 /* Build configuration list for PBXNativeTarget "WorkHoursTrackerTests" */ = {
			isa = XCConfigurationList;
			buildConfigurations = (
				C924B7E425A55689005379F2 /* Debug */,
				C924B7E525A55689005379F2 /* Release */,
			);
			defaultConfigurationIsVisible = 0;
			defaultConfigurationName = Release;
		};
		C924B7E625A55689005379F2 /* Build configuration list for PBXNativeTarget "WorkHoursTrackerUITests" */ = {
			isa = XCConfigurationList;
			buildConfigurations = (
				C924B7E725A55689005379F2 /* Debug */,
				C924B7E825A55689005379F2 /* Release */,
			);
			defaultConfigurationIsVisible = 0;
			defaultConfigurationName = Release;
		};
/* End XCConfigurationList section */
	};
	rootObject = C924B7AE25A55688005379F2 /* Project object */;
}
